{
  "name": "portfolio",
  "lockfileVersion": 2,
  "requires": true,
  "packages": {
    "": {
      "dependencies": {
        "cursor-effects": "^1.0.11"
      }
    },
    "node_modules/cursor-effects": {
      "version": "1.0.11",
      "resolved": "https://registry.npmjs.org/cursor-effects/-/cursor-effects-1.0.11.tgz",
      "integrity": "sha512-P+nV/8Bfxk6RQvsg2uq7wW+WncJLBx8bmqT80QU1nlW15qSb5fpaCLfZ9nl2BZSRyz+u+sxKhAESPNoAkAfJmw=="
    }
  },
  "dependencies": {
    "cursor-effects": {
      "version": "1.0.11",
      "resolved": "https://registry.npmjs.org/cursor-effects/-/cursor-effects-1.0.11.tgz",
      "integrity": "sha512-P+nV/8Bfxk6RQvsg2uq7wW+WncJLBx8bmqT80QU1nlW15qSb5fpaCLfZ9nl2BZSRyz+u+sxKhAESPNoAkAfJmw=="
    }
  }
}
